// !$*UTF8*$!
{
	archiveVersion = 1;
	classes = {
	};
	objectVersion = 46;
	objects = {

/* Begin PBXBuildFile section */
		461EB37F1D4A74B100A95E3B /* main.cpp in Sources */ = {isa = PBXBuildFile; fileRef = 461EB37E1D4A74B100A95E3B /* main.cpp */; };
/* End PBXBuildFile section */

/* Begin PBXCopyFilesBuildPhase section */
		461EB3791D4A74B100A95E3B /* CopyFiles */ = {
			isa = PBXCopyFilesBuildPhase;
			buildActionMask = 2147483647;
			dstPath = /usr/share/man/man1/;
			dstSubfolderSpec = 0;
			files = (
			);
			runOnlyForDeploymentPostprocessing = 1;
		};
/* End PBXCopyFilesBuildPhase section */

/* Begin PBXFileReference section */
		461EB37B1D4A74B100A95E3B /* lab_7 */ = {isa = PBXFileReference; explicitFileType = "compiled.mach-o.executable"; includeInIndex = 0; path = lab_7; sourceTree = BUILT_PRODUCTS_DIR; };
		461EB37E1D4A74B100A95E3B /* main.cpp */ = {isa = PBXFileReference; lastKnownFileType = sourcecode.cpp.cpp; path = main.cpp; sourceTree = "<group>"; };
		461EB3851D4A74C900A95E3B /* HashSet.h */ = {isa = PBXFileReference; lastKnownFileType = sourcecode.c.h; path = HashSet.h; sourceTree = "<group>"; };
		46C4C02F1D56B066003C53FE /* LinkedList.h */ = {isa = PBXFileReference; fileEncoding = 4; lastKnownFileType = sourcecode.c.h; path = LinkedList.h; sourceTree = "<group>"; };
		46C4C0301D58AEE4003C53FE /* in70.txt */ = {isa = PBXFileReference; fileEncoding = 4; lastKnownFileType = text; path = in70.txt; sourceTree = "<group>"; };
		46C4C0311D58AEF6003C53FE /* in69.txt */ = {isa = PBXFileReference; fileEncoding = 4; lastKnownFileType = text; path = in69.txt; sourceTree = "<group>"; };
/* End PBXFileReference section */

/* Begin PBXFrameworksBuildPhase section */
		461EB3781D4A74B100A95E3B /* Frameworks */ = {
			isa = PBXFrameworksBuildPhase;
			buildActionMask = 2147483647;
			files = (
			);
			runOnlyForDeploymentPostprocessing = 0;
		};
/* End PBXFrameworksBuildPhase section */

/* Begin PBXGroup section */
		461EB3721D4A74B100A95E3B = {
			isa = PBXGroup;
			children = (
				461EB37D1D4A74B100A95E3B /* lab_7 */,
				461EB37C1D4A74B100A95E3B /* Products */,
			);
			sourceTree = "<group>";
		};
		461EB37C1D4A74B100A95E3B /* Products */ = {
			isa = PBXGroup;
			children = (
				461EB37B1D4A74B100A95E3B /* lab_7 */,
			);
			name = Products;
			sourceTree = "<group>";
		};
		461EB37D1D4A74B100A95E3B /* lab_7 */ = {
			isa = PBXGroup;
			children = (
				46C4C0301D58AEE4003C53FE /* in70.txt */,
				46C4C0311D58AEF6003C53FE /* in69.txt */,
				46C4C02F1D56B066003C53FE /* LinkedList.h */,
				461EB37E1D4A74B100A95E3B /* main.cpp */,
				461EB3851D4A74C900A95E3B /* HashSet.h */,
			);
			path = lab_7;
			sourceTree = "<group>";
		};
/* End PBXGroup section */

/* Begin PBXNativeTarget section */
		461EB37A1D4A74B100A95E3B /* lab_7 */ = {
			isa = PBXNativeTarget;
			buildConfigurationList = 461EB3821D4A74B100A95E3B /* Build configuration list for PBXNativeTarget "lab_7" */;
			buildPhases = (
				461EB3771D4A74B100A95E3B /* Sources */,
				461EB3781D4A74B100A95E3B /* Frameworks */,
				461EB3791D4A74B100A95E3B /* CopyFiles */,
			);
			buildRules = (
			);
			dependencies = (
			);
			name = lab_7;
			productName = lab_7;
			productReference = 461EB37B1D4A74B100A95E3B /* lab_7 */;
			productType = "com.apple.product-type.tool";
		};
/* End PBXNativeTarget section */

/* Begin PBXProject section */
		461EB3731D4A74B100A95E3B /* Project object */ = {
			isa = PBXProject;
			attributes = {
				LastUpgradeCheck = 0710;
				ORGANIZATIONNAME = "Spencer Browning";
				TargetAttributes = {
					461EB37A1D4A74B100A95E3B = {
						CreatedOnToolsVersion = 7.1;
					};
				};
			};
			buildConfigurationList = 461EB3761D4A74B100A95E3B /* Build configuration list for PBXProject "lab_7" */;
			compatibilityVersion = "Xcode 3.2";
			developmentRegion = English;
			hasScannedForEncodings = 0;
			knownRegions = (
				en,
			);
			mainGroup = 461EB3721D4A74B100A95E3B;
			productRefGroup = 461EB37C1D4A74B100A95E3B /* Products */;
			projectDirPath = "";
			projectRoot = "";
			targets = (
				461EB37A1D4A74B100A95E3B /* lab_7 */,
			);
		};
/* End PBXProject section */

/* Begin PBXSourcesBuildPhase section */
		461EB3771D4A74B100A95E3B /* Sources */ = {
			isa = PBXSourcesBuildPhase;
			buildActionMask = 2147483647;
			files = (
				461EB37F1D4A74B100A95E3B /* main.cpp in Sources */,
			);
			runOnlyForDeploymentPostprocessing = 0;
		};
/* End PBXSourcesBuildPhase section */

/* Begin XCBuildConfiguration section */
		461EB3801D4A74B100A95E3B /* Debug */ = {
			isa = XCBuildConfiguration;
			buildSettings = {
				ALWAYS_SEARCH_USER_PATHS = NO;
				CLANG_CXX_LANGUAGE_STANDARD = "gnu++0x";
				CLANG_CXX_LIBRARY = "libc++";
				CLANG_ENABLE_MODULES = YES;
				CLANG_ENABLE_OBJC_ARC = YES;
				CLANG_WARN_BOOL_CONVERSION = YES;
				CLANG_WARN_CONSTANT_CONVERSION = YES;
				CLANG_WARN_DIRECT_OBJC_ISA_USAGE = YES_ERROR;
				CLANG_WARN_EMPTY_BODY = YES;
				CLANG_WARN_ENUM_CONVERSION = YES;
				CLANG_WARN_INT_CONVERSION = YES;
				CLANG_WARN_OBJC_ROOT_CLASS = YES_ERROR;
				CLANG_WARN_UNREACHABLE_CODE = YES;
				CLANG_WARN__DUPLICATE_METHOD_MATCH = YES;
				CODE_SIGN_IDENTITY = "-";
				COPY_PHASE_STRIP = NO;
				DEBUG_INFORMATION_FORMAT = dwarf;
				ENABLE_STRICT_OBJC_MSGSEND = YES;
				ENABLE_TESTABILITY = YES;
				GCC_C_LANGUAGE_STANDARD = gnu99;
				GCC_DYNAMIC_NO_PIC = NO;
				GCC_NO_COMMON_BLOCKS = YES;
				GCC_OPTIMIZATION_LEVEL = 0;
				GCC_PREPROCESSOR_DEFINITIONS = (
					"DEBUG=1",
					"$(inherited)",
				);
				GCC_WARN_64_TO_32_BIT_CONVERSION = YES;
				GCC_WARN_ABOUT_RETURN_TYPE = YES_ERROR;
				GCC_WARN_UNDECLARED_SELECTOR = YES;
				GCC_WARN_UNINITIALIZED_AUTOS = YES_AGGRESSIVE;
				GCC_WARN_UNUSED_FUNCTION = YES;
				GCC_WARN_UNUSED_VARIABLE = YES;
				MACOSX_DEPLOYMENT_TARGET = 10.11;
				MTL_ENABLE_DEBUG_INFO = YES;
				ONLY_ACTIVE_ARCH = YES;
				SDKROOT = macosx;
			};
			name = Debug;
		};
		461EB3811D4A74B100A95E3B /* Release */ = {
			isa = XCBuildConfiguration;
			buildSettings = {
				ALWAYS_SEARCH_USER_PATHS = NO;
				CLANG_CXX_LANGUAGE_STANDARD = "gnu++0x";
				CLANG_CXX_LIBRARY = "libc++";
				CLANG_ENABLE_MODULES = YES;
				CLANG_ENABLE_OBJC_ARC = YES;
				CLANG_WARN_BOOL_CONVERSION = YES;
				CLANG_WARN_CONSTANT_CONVERSION = YES;
				CLANG_WARN_DIRECT_OBJC_ISA_USAGE = YES_ERROR;
				CLANG_WARN_EMPTY_BODY = YES;
				CLANG_WARN_ENUM_CONVERSION = YES;
				CLANG_WARN_INT_CONVERSION = YES;
				CLANG_WARN_OBJC_ROOT_CLASS = YES_ERROR;
				CLANG_WARN_UNREACHABLE_CODE = YES;
				CLANG_WARN__DUPLICATE_METHOD_MATCH = YES;
				CODE_SIGN_IDENTITY = "-";
				COPY_PHASE_STRIP = NO;
				DEBUG_INFORMATION_FORMAT = "dwarf-with-dsym";
				ENABLE_NS_ASSERTIONS = NO;
				ENABLE_STRICT_OBJC_MSGSEND = YES;
				GCC_C_LANGUAGE_STANDARD = gnu99;
				GCC_NO_COMMON_BLOCKS = YES;
				GCC_WARN_64_TO_32_BIT_CONVERSION = YES;
				GCC_WARN_ABOUT_RETURN_TYPE = YES_ERROR;
				GCC_WARN_UNDECLARED_SELECTOR = YES;
				GCC_WARN_UNINITIALIZED_AUTOS = YES_AGGRESSIVE;
				GCC_WARN_UNUSED_FUNCTION = YES;
				GCC_WARN_UNUSED_VARIABLE = YES;
				MACOSX_DEPLOYMENT_TARGET = 10.11;
				MTL_ENABLE_DEBUG_INFO = NO;
				SDKROOT = macosx;
			};
			name = Release;
		};
		461EB3831D4A74B100A95E3B /* Debug */ = {
			isa = XCBuildConfiguration;
			buildSettings = {
				PRODUCT_NAME = "$(TARGET_NAME)";
			};
			name = Debug;
		};
		461EB3841D4A74B100A95E3B /* Release */ = {
			isa = XCBuildConfiguration;
			buildSettings = {
				PRODUCT_NAME = "$(TARGET_NAME)";
			};
			name = Release;
		};
/* End XCBuildConfiguration section */

/* Begin XCConfigurationList section */
		461EB3761D4A74B100A95E3B /* Build configuration list for PBXProject "lab_7" */ = {
			isa = XCConfigurationList;
			buildConfigurations = (
				461EB3801D4A74B100A95E3B /* Debug */,
				461EB3811D4A74B100A95E3B /* Release */,
			);
			defaultConfigurationIsVisible = 0;
			defaultConfigurationName = Release;
		};
		461EB3821D4A74B100A95E3B /* Build configuration list for PBXNativeTarget "lab_7" */ = {
			isa = XCConfigurationList;
			buildConfigurations = (
				461EB3831D4A74B100A95E3B /* Debug */,
				461EB3841D4A74B100A95E3B /* Release */,
			);
			defaultConfigurationIsVisible = 0;
			defaultConfigurationName = Release;
		};
/* End XCConfigurationList section */
	};
	rootObject = 461EB3731D4A74B100A95E3B /* Project object */;
}
