// !$*UTF8*$!
{
	archiveVersion = 1;
	classes = {
	};
	objectVersion = 46;
	objects = {

/* Begin PBXBuildFile section */
		460AC4691D81D3EF00F15789 /* Arena.cpp in Sources */ = {isa = PBXBuildFile; fileRef = 460AC4681D81D3EF00F15789 /* Arena.cpp */; };
		460AC46B1D81D40D00F15789 /* Fighter.cpp in Sources */ = {isa = PBXBuildFile; fileRef = 460AC46A1D81D40D00F15789 /* Fighter.cpp */; };
		460AC46E1D81D9D800F15789 /* Archer.cpp in Sources */ = {isa = PBXBuildFile; fileRef = 460AC46C1D81D9D800F15789 /* Archer.cpp */; };
		460AC4711D81DA3D00F15789 /* Cleric.cpp in Sources */ = {isa = PBXBuildFile; fileRef = 460AC46F1D81DA3D00F15789 /* Cleric.cpp */; };
		460AC4741D81DA6F00F15789 /* Robot.cpp in Sources */ = {isa = PBXBuildFile; fileRef = 460AC4721D81DA6F00F15789 /* Robot.cpp */; };
		4645BC4E1D77677500E6EB6F /* Factory.cpp in Sources */ = {isa = PBXBuildFile; fileRef = 4645BC4A1D77677500E6EB6F /* Factory.cpp */; };
/* End PBXBuildFile section */

/* Begin PBXCopyFilesBuildPhase section */
		46DF78B81D75CF2000E38B3A /* CopyFiles */ = {
			isa = PBXCopyFilesBuildPhase;
			buildActionMask = 2147483647;
			dstPath = /usr/share/man/man1/;
			dstSubfolderSpec = 0;
			files = (
			);
			runOnlyForDeploymentPostprocessing = 1;
		};
/* End PBXCopyFilesBuildPhase section */

/* Begin PBXFileReference section */
		460AC4671D81CF9400F15789 /* Fighter.h */ = {isa = PBXFileReference; fileEncoding = 4; lastKnownFileType = sourcecode.c.h; name = Fighter.h; path = Student_Code/Fighter.h; sourceTree = "<group>"; };
		460AC4681D81D3EF00F15789 /* Arena.cpp */ = {isa = PBXFileReference; fileEncoding = 4; lastKnownFileType = sourcecode.cpp.cpp; name = Arena.cpp; path = Student_Code/Arena.cpp; sourceTree = "<group>"; };
		460AC46A1D81D40D00F15789 /* Fighter.cpp */ = {isa = PBXFileReference; fileEncoding = 4; lastKnownFileType = sourcecode.cpp.cpp; name = Fighter.cpp; path = Student_Code/Fighter.cpp; sourceTree = "<group>"; };
		460AC46C1D81D9D800F15789 /* Archer.cpp */ = {isa = PBXFileReference; fileEncoding = 4; lastKnownFileType = sourcecode.cpp.cpp; name = Archer.cpp; path = Student_Code/Archer.cpp; sourceTree = "<group>"; };
		460AC46D1D81D9D800F15789 /* Archer.h */ = {isa = PBXFileReference; fileEncoding = 4; lastKnownFileType = sourcecode.c.h; name = Archer.h; path = Student_Code/Archer.h; sourceTree = "<group>"; };
		460AC46F1D81DA3D00F15789 /* Cleric.cpp */ = {isa = PBXFileReference; fileEncoding = 4; lastKnownFileType = sourcecode.cpp.cpp; name = Cleric.cpp; path = Student_Code/Cleric.cpp; sourceTree = "<group>"; };
		460AC4701D81DA3D00F15789 /* Cleric.h */ = {isa = PBXFileReference; fileEncoding = 4; lastKnownFileType = sourcecode.c.h; name = Cleric.h; path = Student_Code/Cleric.h; sourceTree = "<group>"; };
		460AC4721D81DA6F00F15789 /* Robot.cpp */ = {isa = PBXFileReference; fileEncoding = 4; lastKnownFileType = sourcecode.cpp.cpp; name = Robot.cpp; path = Student_Code/Robot.cpp; sourceTree = "<group>"; };
		460AC4731D81DA6F00F15789 /* Robot.h */ = {isa = PBXFileReference; fileEncoding = 4; lastKnownFileType = sourcecode.c.h; name = Robot.h; path = Student_Code/Robot.h; sourceTree = "<group>"; };
		4645BC481D77677500E6EB6F /* Arena.h */ = {isa = PBXFileReference; fileEncoding = 4; lastKnownFileType = sourcecode.c.h; name = Arena.h; path = Student_Code/Arena.h; sourceTree = "<group>"; };
		4645BC491D77677500E6EB6F /* ArenaInterface.h */ = {isa = PBXFileReference; fileEncoding = 4; lastKnownFileType = sourcecode.c.h; name = ArenaInterface.h; path = Student_Code/ArenaInterface.h; sourceTree = "<group>"; };
		4645BC4A1D77677500E6EB6F /* Factory.cpp */ = {isa = PBXFileReference; fileEncoding = 4; lastKnownFileType = sourcecode.cpp.cpp; name = Factory.cpp; path = Student_Code/Factory.cpp; sourceTree = "<group>"; };
		4645BC4B1D77677500E6EB6F /* Factory.h */ = {isa = PBXFileReference; fileEncoding = 4; lastKnownFileType = sourcecode.c.h; name = Factory.h; path = Student_Code/Factory.h; sourceTree = "<group>"; };
		4645BC4C1D77677500E6EB6F /* FighterInterface.h */ = {isa = PBXFileReference; fileEncoding = 4; lastKnownFileType = sourcecode.c.h; name = FighterInterface.h; path = Student_Code/FighterInterface.h; sourceTree = "<group>"; };
		46DF78BA1D75CF2000E38B3A /* lab1 */ = {isa = PBXFileReference; explicitFileType = "compiled.mach-o.executable"; includeInIndex = 0; path = lab1; sourceTree = BUILT_PRODUCTS_DIR; };
/* End PBXFileReference section */

/* Begin PBXFrameworksBuildPhase section */
		46DF78B71D75CF2000E38B3A /* Frameworks */ = {
			isa = PBXFrameworksBuildPhase;
			buildActionMask = 2147483647;
			files = (
			);
			runOnlyForDeploymentPostprocessing = 0;
		};
/* End PBXFrameworksBuildPhase section */

/* Begin PBXGroup section */
		46DF78B11D75CF2000E38B3A = {
			isa = PBXGroup;
			children = (
				46DF78BC1D75CF2000E38B3A /* lab1 */,
				46DF78BB1D75CF2000E38B3A /* Products */,
			);
			sourceTree = "<group>";
		};
		46DF78BB1D75CF2000E38B3A /* Products */ = {
			isa = PBXGroup;
			children = (
				46DF78BA1D75CF2000E38B3A /* lab1 */,
			);
			name = Products;
			sourceTree = "<group>";
		};
		46DF78BC1D75CF2000E38B3A /* lab1 */ = {
			isa = PBXGroup;
			children = (
				4645BC4B1D77677500E6EB6F /* Factory.h */,
				4645BC4A1D77677500E6EB6F /* Factory.cpp */,
				4645BC4C1D77677500E6EB6F /* FighterInterface.h */,
				460AC4671D81CF9400F15789 /* Fighter.h */,
				460AC46A1D81D40D00F15789 /* Fighter.cpp */,
				460AC46D1D81D9D800F15789 /* Archer.h */,
				460AC46C1D81D9D800F15789 /* Archer.cpp */,
				460AC4701D81DA3D00F15789 /* Cleric.h */,
				460AC46F1D81DA3D00F15789 /* Cleric.cpp */,
				460AC4731D81DA6F00F15789 /* Robot.h */,
				460AC4721D81DA6F00F15789 /* Robot.cpp */,
				4645BC491D77677500E6EB6F /* ArenaInterface.h */,
				4645BC481D77677500E6EB6F /* Arena.h */,
				460AC4681D81D3EF00F15789 /* Arena.cpp */,
			);
			path = lab1;
			sourceTree = "<group>";
		};
/* End PBXGroup section */

/* Begin PBXNativeTarget section */
		46DF78B91D75CF2000E38B3A /* lab1 */ = {
			isa = PBXNativeTarget;
			buildConfigurationList = 46DF78C11D75CF2000E38B3A /* Build configuration list for PBXNativeTarget "lab1" */;
			buildPhases = (
				46DF78B61D75CF2000E38B3A /* Sources */,
				46DF78B71D75CF2000E38B3A /* Frameworks */,
				46DF78B81D75CF2000E38B3A /* CopyFiles */,
			);
			buildRules = (
			);
			dependencies = (
			);
			name = lab1;
			productName = lab1;
			productReference = 46DF78BA1D75CF2000E38B3A /* lab1 */;
			productType = "com.apple.product-type.tool";
		};
/* End PBXNativeTarget section */

/* Begin PBXProject section */
		46DF78B21D75CF2000E38B3A /* Project object */ = {
			isa = PBXProject;
			attributes = {
				LastUpgradeCheck = 0710;
				ORGANIZATIONNAME = "Spencer Browning";
				TargetAttributes = {
					46DF78B91D75CF2000E38B3A = {
						CreatedOnToolsVersion = 7.1;
					};
				};
			};
			buildConfigurationList = 46DF78B51D75CF2000E38B3A /* Build configuration list for PBXProject "lab1" */;
			compatibilityVersion = "Xcode 3.2";
			developmentRegion = English;
			hasScannedForEncodings = 0;
			knownRegions = (
				en,
			);
			mainGroup = 46DF78B11D75CF2000E38B3A;
			productRefGroup = 46DF78BB1D75CF2000E38B3A /* Products */;
			projectDirPath = "";
			projectRoot = "";
			targets = (
				46DF78B91D75CF2000E38B3A /* lab1 */,
			);
		};
/* End PBXProject section */

/* Begin PBXSourcesBuildPhase section */
		46DF78B61D75CF2000E38B3A /* Sources */ = {
			isa = PBXSourcesBuildPhase;
			buildActionMask = 2147483647;
			files = (
				460AC46E1D81D9D800F15789 /* Archer.cpp in Sources */,
				460AC46B1D81D40D00F15789 /* Fighter.cpp in Sources */,
				4645BC4E1D77677500E6EB6F /* Factory.cpp in Sources */,
				460AC4711D81DA3D00F15789 /* Cleric.cpp in Sources */,
				460AC4741D81DA6F00F15789 /* Robot.cpp in Sources */,
				460AC4691D81D3EF00F15789 /* Arena.cpp in Sources */,
			);
			runOnlyForDeploymentPostprocessing = 0;
		};
/* End PBXSourcesBuildPhase section */

/* Begin XCBuildConfiguration section */
		46DF78BF1D75CF2000E38B3A /* Debug */ = {
			isa = XCBuildConfiguration;
			buildSettings = {
				ALWAYS_SEARCH_USER_PATHS = NO;
				CLANG_CXX_LANGUAGE_STANDARD = "gnu++0x";
				CLANG_CXX_LIBRARY = "libc++";
				CLANG_ENABLE_MODULES = YES;
				CLANG_ENABLE_OBJC_ARC = YES;
				CLANG_WARN_BOOL_CONVERSION = YES;
				CLANG_WARN_CONSTANT_CONVERSION = YES;
				CLANG_WARN_DIRECT_OBJC_ISA_USAGE = YES_ERROR;
				CLANG_WARN_EMPTY_BODY = YES;
				CLANG_WARN_ENUM_CONVERSION = YES;
				CLANG_WARN_INT_CONVERSION = YES;
				CLANG_WARN_OBJC_ROOT_CLASS = YES_ERROR;
				CLANG_WARN_UNREACHABLE_CODE = YES;
				CLANG_WARN__DUPLICATE_METHOD_MATCH = YES;
				CODE_SIGN_IDENTITY = "-";
				COPY_PHASE_STRIP = NO;
				DEBUG_INFORMATION_FORMAT = dwarf;
				ENABLE_STRICT_OBJC_MSGSEND = YES;
				ENABLE_TESTABILITY = YES;
				GCC_C_LANGUAGE_STANDARD = gnu99;
				GCC_DYNAMIC_NO_PIC = NO;
				GCC_NO_COMMON_BLOCKS = YES;
				GCC_OPTIMIZATION_LEVEL = 0;
				GCC_PREPROCESSOR_DEFINITIONS = (
					"DEBUG=1",
					"$(inherited)",
				);
				GCC_WARN_64_TO_32_BIT_CONVERSION = YES;
				GCC_WARN_ABOUT_RETURN_TYPE = YES_ERROR;
				GCC_WARN_UNDECLARED_SELECTOR = YES;
				GCC_WARN_UNINITIALIZED_AUTOS = YES_AGGRESSIVE;
				GCC_WARN_UNUSED_FUNCTION = YES;
				GCC_WARN_UNUSED_VARIABLE = YES;
				MACOSX_DEPLOYMENT_TARGET = 10.11;
				MTL_ENABLE_DEBUG_INFO = YES;
				ONLY_ACTIVE_ARCH = YES;
				SDKROOT = macosx;
			};
			name = Debug;
		};
		46DF78C01D75CF2000E38B3A /* Release */ = {
			isa = XCBuildConfiguration;
			buildSettings = {
				ALWAYS_SEARCH_USER_PATHS = NO;
				CLANG_CXX_LANGUAGE_STANDARD = "gnu++0x";
				CLANG_CXX_LIBRARY = "libc++";
				CLANG_ENABLE_MODULES = YES;
				CLANG_ENABLE_OBJC_ARC = YES;
				CLANG_WARN_BOOL_CONVERSION = YES;
				CLANG_WARN_CONSTANT_CONVERSION = YES;
				CLANG_WARN_DIRECT_OBJC_ISA_USAGE = YES_ERROR;
				CLANG_WARN_EMPTY_BODY = YES;
				CLANG_WARN_ENUM_CONVERSION = YES;
				CLANG_WARN_INT_CONVERSION = YES;
				CLANG_WARN_OBJC_ROOT_CLASS = YES_ERROR;
				CLANG_WARN_UNREACHABLE_CODE = YES;
				CLANG_WARN__DUPLICATE_METHOD_MATCH = YES;
				CODE_SIGN_IDENTITY = "-";
				COPY_PHASE_STRIP = NO;
				DEBUG_INFORMATION_FORMAT = "dwarf-with-dsym";
				ENABLE_NS_ASSERTIONS = NO;
				ENABLE_STRICT_OBJC_MSGSEND = YES;
				GCC_C_LANGUAGE_STANDARD = gnu99;
				GCC_NO_COMMON_BLOCKS = YES;
				GCC_WARN_64_TO_32_BIT_CONVERSION = YES;
				GCC_WARN_ABOUT_RETURN_TYPE = YES_ERROR;
				GCC_WARN_UNDECLARED_SELECTOR = YES;
				GCC_WARN_UNINITIALIZED_AUTOS = YES_AGGRESSIVE;
				GCC_WARN_UNUSED_FUNCTION = YES;
				GCC_WARN_UNUSED_VARIABLE = YES;
				MACOSX_DEPLOYMENT_TARGET = 10.11;
				MTL_ENABLE_DEBUG_INFO = NO;
				SDKROOT = macosx;
			};
			name = Release;
		};
		46DF78C21D75CF2000E38B3A /* Debug */ = {
			isa = XCBuildConfiguration;
			buildSettings = {
				PRODUCT_NAME = "$(TARGET_NAME)";
			};
			name = Debug;
		};
		46DF78C31D75CF2000E38B3A /* Release */ = {
			isa = XCBuildConfiguration;
			buildSettings = {
				PRODUCT_NAME = "$(TARGET_NAME)";
			};
			name = Release;
		};
/* End XCBuildConfiguration section */

/* Begin XCConfigurationList section */
		46DF78B51D75CF2000E38B3A /* Build configuration list for PBXProject "lab1" */ = {
			isa = XCConfigurationList;
			buildConfigurations = (
				46DF78BF1D75CF2000E38B3A /* Debug */,
				46DF78C01D75CF2000E38B3A /* Release */,
			);
			defaultConfigurationIsVisible = 0;
			defaultConfigurationName = Release;
		};
		46DF78C11D75CF2000E38B3A /* Build configuration list for PBXNativeTarget "lab1" */ = {
			isa = XCConfigurationList;
			buildConfigurations = (
				46DF78C21D75CF2000E38B3A /* Debug */,
				46DF78C31D75CF2000E38B3A /* Release */,
			);
			defaultConfigurationIsVisible = 0;
			defaultConfigurationName = Release;
		};
/* End XCConfigurationList section */
	};
	rootObject = 46DF78B21D75CF2000E38B3A /* Project object */;
}
